{
  "version": 4,
  "terraform_version": "1.2.7",
  "serial": 3,
  "lineage": "002d5f81-b66a-e57d-8120-1e29183d19f2",
  "outputs": {},
  "resources": [
    {
      "module": "module.databricks",
      "mode": "data",
      "type": "azurerm_client_config",
      "name": "current_config",
      "provider": "module.databricks.provider[\"registry.terraform.io/hashicorp/azurerm\"]",
      "instances": [
        {
          "schema_version": 0,
          "attributes": {
            "client_id": "9ceb9eb8-be00-45e0-9b38-f778914a5962",
            "id": "2022-08-19 15:05:18.179553063 +0000 UTC",
            "object_id": "a18298ef-e50a-466d-b04d-9b2661b77ec5",
            "subscription_id": "2d7ac290-c25e-45c0-98a4-5c7c751b1a4d",
            "tenant_id": "278bb96f-d72a-49b9-8a3b-e9c4751f9953",
            "timeouts": null
          },
          "sensitive_attributes": []
        }
      ]
    },
    {
      "module": "module.databricks",
      "mode": "managed",
      "type": "azurerm_resource_group",
      "name": "resourcegroup",
      "provider": "module.databricks.provider[\"registry.terraform.io/hashicorp/azurerm\"]",
      "instances": [
        {
          "schema_version": 0,
          "attributes": {
            "id": "/subscriptions/2d7ac290-c25e-45c0-98a4-5c7c751b1a4d/resourceGroups/New_RG",
            "location": "centralindia",
            "name": "New_RG",
            "tags": {
              "Application": "App",
              "Owner": "Email",
              "Product": "Name"
            },
            "timeouts": null
          },
          "sensitive_attributes": [],
          "private": "eyJlMmJmYjczMC1lY2FhLTExZTYtOGY4OC0zNDM2M2JjN2M0YzAiOnsiY3JlYXRlIjo1NDAwMDAwMDAwMDAwLCJkZWxldGUiOjU0MDAwMDAwMDAwMDAsInJlYWQiOjMwMDAwMDAwMDAwMCwidXBkYXRlIjo1NDAwMDAwMDAwMDAwfX0="
        }
      ]
    },
    {
      "module": "module.databricks",
      "mode": "managed",
      "type": "random_string",
      "name": "storage_account_name",
      "provider": "provider[\"registry.terraform.io/hashicorp/random\"]",
      "instances": [
        {
          "schema_version": 2,
          "attributes": {
            "id": "ucsk5",
            "keepers": null,
            "length": 5,
            "lower": true,
            "min_lower": 0,
            "min_numeric": 0,
            "min_special": 0,
            "min_upper": 0,
            "number": true,
            "numeric": true,
            "override_special": null,
            "result": "ucsk5",
            "special": false,
            "upper": false
          },
          "sensitive_attributes": [],
          "private": "eyJzY2hlbWFfdmVyc2lvbiI6IjIifQ=="
        }
      ]
    }
  ]
}
